
Microsoft Visual Studio Solution File, Format Version 11.00
# Visual Studio 2010
Project("{FAE04EC0-301F-11D3-BF4B-00C04F79EFBC}") = "rxfind", "rxfind.csproj", "{0FE73156-4F74-4E5F-AC0F-8CDCC093C56E}"
EndProject
Global
	GlobalSection(SolutionConfigurationPlatforms) = preSolution
		Debug|Any CPU = Debug|Any CPU
		Release|Any CPU = Release|Any CPU
	EndGlobalSection
	GlobalSection(ProjectConfigurationPlatforms) = postSolution
		{0FE73156-4F74-4E5F-AC0F-8CDCC093C56E}.Debug|Any CPU.ActiveCfg = Debug|Any CPU
		{0FE73156-4F74-4E5F-AC0F-8CDCC093C56E}.Debug|Any CPU.Build.0 = Debug|Any CPU
		{0FE73156-4F74-4E5F-AC0F-8CDCC093C56E}.Release|Any CPU.ActiveCfg = Release|Any CPU
		{0FE73156-4F74-4E5F-AC0F-8CDCC093C56E}.Release|Any CPU.Build.0 = Release|Any CPU
	EndGlobalSection
	GlobalSection(SolutionProperties) = preSolution
		HideSolutionNode = FALSE
	EndGlobalSection
EndGlobal
